
Microsoft Visual Studio Solution File, Format Version 12.00
# Visual Studio Version 16
VisualStudioVersion = 16.0.30517.126
MinimumVisualStudioVersion = 10.0.40219.1
Project("{9A19103F-16F7-4668-BE54-9A1E7A4F7556}") = "Python2CSharp", "Python2CSharp\Python2CSharp.csproj", "{2B266151-62BC-4D23-AA6F-EA08251AB05B}"
EndProject
Project("{9A19103F-16F7-4668-BE54-9A1E7A4F7556}") = "Horker.MXNet", "Horker.MXNet\Horker.MXNet.csproj", "{84853B8A-9A02-4E5D-9BFC-2B48364030DB}"
EndProject
Project("{FAE04EC0-301F-11D3-BF4B-00C04F79EFBC}") = "ConsoleApp1", "ConsoleApp1\ConsoleApp1.csproj", "{B72D8B71-FF9D-4B68-9CFB-18F80FBF5DD5}"
EndProject
Global
	GlobalSection(SolutionConfigurationPlatforms) = preSolution
		Debug|Any CPU = Debug|Any CPU
		Release|Any CPU = Release|Any CPU
	EndGlobalSection
	GlobalSection(ProjectConfigurationPlatforms) = postSolution
		{2B266151-62BC-4D23-AA6F-EA08251AB05B}.Debug|Any CPU.ActiveCfg = Debug|Any CPU
		{2B266151-62BC-4D23-AA6F-EA08251AB05B}.Debug|Any CPU.Build.0 = Debug|Any CPU
		{2B266151-62BC-4D23-AA6F-EA08251AB05B}.Release|Any CPU.ActiveCfg = Release|Any CPU
		{2B266151-62BC-4D23-AA6F-EA08251AB05B}.Release|Any CPU.Build.0 = Release|Any CPU
		{84853B8A-9A02-4E5D-9BFC-2B48364030DB}.Debug|Any CPU.ActiveCfg = Debug|Any CPU
		{84853B8A-9A02-4E5D-9BFC-2B48364030DB}.Debug|Any CPU.Build.0 = Debug|Any CPU
		{84853B8A-9A02-4E5D-9BFC-2B48364030DB}.Release|Any CPU.ActiveCfg = Release|Any CPU
		{84853B8A-9A02-4E5D-9BFC-2B48364030DB}.Release|Any CPU.Build.0 = Release|Any CPU
		{B72D8B71-FF9D-4B68-9CFB-18F80FBF5DD5}.Debug|Any CPU.ActiveCfg = Debug|Any CPU
		{B72D8B71-FF9D-4B68-9CFB-18F80FBF5DD5}.Debug|Any CPU.Build.0 = Debug|Any CPU
		{B72D8B71-FF9D-4B68-9CFB-18F80FBF5DD5}.Release|Any CPU.ActiveCfg = Release|Any CPU
		{B72D8B71-FF9D-4B68-9CFB-18F80FBF5DD5}.Release|Any CPU.Build.0 = Release|Any CPU
	EndGlobalSection
	GlobalSection(SolutionProperties) = preSolution
		HideSolutionNode = FALSE
	EndGlobalSection
	GlobalSection(ExtensibilityGlobals) = postSolution
		SolutionGuid = {1F3CE037-27EA-4FFC-B92C-7450E09231A3}
	EndGlobalSection
EndGlobal
